// !$*UTF8*$!
{
	archiveVersion = 1;
	classes = {
	};
	objectVersion = 56;
	objects = {

/* Begin PBXBuildFile section */
		FF272BCA297AECF400D2F439 /* HomeView.swift in Sources */ = {isa = PBXBuildFile; fileRef = FF272BC9297AECF400D2F439 /* HomeView.swift */; };
		FF272BCD297AED4E00D2F439 /* CircleButtonView.swift in Sources */ = {isa = PBXBuildFile; fileRef = FF272BCC297AED4E00D2F439 /* CircleButtonView.swift */; };
		FF272BCF297AFC4200D2F439 /* CircleButtonAnimationView.swift in Sources */ = {isa = PBXBuildFile; fileRef = FF272BCE297AFC4200D2F439 /* CircleButtonAnimationView.swift */; };
		FF5615B2297AD596002115EC /* AmarCoinApp.swift in Sources */ = {isa = PBXBuildFile; fileRef = FF5615B1297AD596002115EC /* AmarCoinApp.swift */; };
		FF5615B4297AD596002115EC /* ContentView.swift in Sources */ = {isa = PBXBuildFile; fileRef = FF5615B3297AD596002115EC /* ContentView.swift */; };
		FF5615B6297AD598002115EC /* Assets.xcassets in Resources */ = {isa = PBXBuildFile; fileRef = FF5615B5297AD598002115EC /* Assets.xcassets */; };
		FF5615B9297AD598002115EC /* Preview Assets.xcassets in Resources */ = {isa = PBXBuildFile; fileRef = FF5615B8297AD598002115EC /* Preview Assets.xcassets */; };
		FF5615C1297AE0FC002115EC /* Color.swift in Sources */ = {isa = PBXBuildFile; fileRef = FF5615C0297AE0FC002115EC /* Color.swift */; };
		FFE37C04297F0FFA00A08398 /* CoinModel.swift in Sources */ = {isa = PBXBuildFile; fileRef = FFE37C03297F0FFA00A08398 /* CoinModel.swift */; };
		FFE37C06297F29E000A08398 /* CoinRowView.swift in Sources */ = {isa = PBXBuildFile; fileRef = FFE37C05297F29E000A08398 /* CoinRowView.swift */; };
		FFE37C08297F2B4E00A08398 /* PreviewProvider.swift in Sources */ = {isa = PBXBuildFile; fileRef = FFE37C07297F2B4E00A08398 /* PreviewProvider.swift */; };
		FFE37C0A297F3B2B00A08398 /* Double.swift in Sources */ = {isa = PBXBuildFile; fileRef = FFE37C09297F3B2B00A08398 /* Double.swift */; };
		FFE37C0C297FEC4F00A08398 /* HomeViewModel.swift in Sources */ = {isa = PBXBuildFile; fileRef = FFE37C0B297FEC4F00A08398 /* HomeViewModel.swift */; };
/* End PBXBuildFile section */

/* Begin PBXFileReference section */
		FF272BC9297AECF400D2F439 /* HomeView.swift */ = {isa = PBXFileReference; lastKnownFileType = sourcecode.swift; path = HomeView.swift; sourceTree = "<group>"; };
		FF272BCC297AED4E00D2F439 /* CircleButtonView.swift */ = {isa = PBXFileReference; lastKnownFileType = sourcecode.swift; path = CircleButtonView.swift; sourceTree = "<group>"; };
		FF272BCE297AFC4200D2F439 /* CircleButtonAnimationView.swift */ = {isa = PBXFileReference; lastKnownFileType = sourcecode.swift; path = CircleButtonAnimationView.swift; sourceTree = "<group>"; };
		FF5615AE297AD596002115EC /* AmarCoin.app */ = {isa = PBXFileReference; explicitFileType = wrapper.application; includeInIndex = 0; path = AmarCoin.app; sourceTree = BUILT_PRODUCTS_DIR; };
		FF5615B1297AD596002115EC /* AmarCoinApp.swift */ = {isa = PBXFileReference; lastKnownFileType = sourcecode.swift; path = AmarCoinApp.swift; sourceTree = "<group>"; };
		FF5615B3297AD596002115EC /* ContentView.swift */ = {isa = PBXFileReference; lastKnownFileType = sourcecode.swift; path = ContentView.swift; sourceTree = "<group>"; };
		FF5615B5297AD598002115EC /* Assets.xcassets */ = {isa = PBXFileReference; lastKnownFileType = folder.assetcatalog; path = Assets.xcassets; sourceTree = "<group>"; };
		FF5615B8297AD598002115EC /* Preview Assets.xcassets */ = {isa = PBXFileReference; lastKnownFileType = folder.assetcatalog; path = "Preview Assets.xcassets"; sourceTree = "<group>"; };
		FF5615C0297AE0FC002115EC /* Color.swift */ = {isa = PBXFileReference; lastKnownFileType = sourcecode.swift; path = Color.swift; sourceTree = "<group>"; };
		FFE37C03297F0FFA00A08398 /* CoinModel.swift */ = {isa = PBXFileReference; lastKnownFileType = sourcecode.swift; path = CoinModel.swift; sourceTree = "<group>"; };
		FFE37C05297F29E000A08398 /* CoinRowView.swift */ = {isa = PBXFileReference; lastKnownFileType = sourcecode.swift; path = CoinRowView.swift; sourceTree = "<group>"; };
		FFE37C07297F2B4E00A08398 /* PreviewProvider.swift */ = {isa = PBXFileReference; lastKnownFileType = sourcecode.swift; path = PreviewProvider.swift; sourceTree = "<group>"; };
		FFE37C09297F3B2B00A08398 /* Double.swift */ = {isa = PBXFileReference; lastKnownFileType = sourcecode.swift; path = Double.swift; sourceTree = "<group>"; };
		FFE37C0B297FEC4F00A08398 /* HomeViewModel.swift */ = {isa = PBXFileReference; lastKnownFileType = sourcecode.swift; path = HomeViewModel.swift; sourceTree = "<group>"; };
/* End PBXFileReference section */

/* Begin PBXFrameworksBuildPhase section */
		FF5615AB297AD596002115EC /* Frameworks */ = {
			isa = PBXFrameworksBuildPhase;
			buildActionMask = 2147483647;
			files = (
			);
			runOnlyForDeploymentPostprocessing = 0;
		};
/* End PBXFrameworksBuildPhase section */

/* Begin PBXGroup section */
		FF272BC7297AEC5500D2F439 /* ViewModels */ = {
			isa = PBXGroup;
			children = (
				FFE37C0B297FEC4F00A08398 /* HomeViewModel.swift */,
			);
			path = ViewModels;
			sourceTree = "<group>";
		};
		FF272BC8297AEC6400D2F439 /* Views */ = {
			isa = PBXGroup;
			children = (
				FF272BC9297AECF400D2F439 /* HomeView.swift */,
				FFE37C05297F29E000A08398 /* CoinRowView.swift */,
			);
			path = Views;
			sourceTree = "<group>";
		};
		FF272BCB297AED2800D2F439 /* CircleButton */ = {
			isa = PBXGroup;
			children = (
				FF272BCC297AED4E00D2F439 /* CircleButtonView.swift */,
				FF272BCE297AFC4200D2F439 /* CircleButtonAnimationView.swift */,
			);
			path = CircleButton;
			sourceTree = "<group>";
		};
		FF5615A5297AD596002115EC = {
			isa = PBXGroup;
			children = (
				FF5615B0297AD596002115EC /* AmarCoin */,
				FF5615AF297AD596002115EC /* Products */,
			);
			sourceTree = "<group>";
		};
		FF5615AF297AD596002115EC /* Products */ = {
			isa = PBXGroup;
			children = (
				FF5615AE297AD596002115EC /* AmarCoin.app */,
			);
			name = Products;
			sourceTree = "<group>";
		};
		FF5615B0297AD596002115EC /* AmarCoin */ = {
			isa = PBXGroup;
			children = (
				FF5615BF297AE0E0002115EC /* Extensions */,
				FFE37C02297F0FBB00A08398 /* Models */,
				FF5615C2297AE927002115EC /* Core */,
				FF5615B1297AD596002115EC /* AmarCoinApp.swift */,
				FF5615B3297AD596002115EC /* ContentView.swift */,
				FF5615B5297AD598002115EC /* Assets.xcassets */,
				FF5615B7297AD598002115EC /* Preview Content */,
			);
			path = AmarCoin;
			sourceTree = "<group>";
		};
		FF5615B7297AD598002115EC /* Preview Content */ = {
			isa = PBXGroup;
			children = (
				FF5615B8297AD598002115EC /* Preview Assets.xcassets */,
			);
			path = "Preview Content";
			sourceTree = "<group>";
		};
		FF5615BF297AE0E0002115EC /* Extensions */ = {
			isa = PBXGroup;
			children = (
				FF5615C0297AE0FC002115EC /* Color.swift */,
				FFE37C07297F2B4E00A08398 /* PreviewProvider.swift */,
				FFE37C09297F3B2B00A08398 /* Double.swift */,
			);
			path = Extensions;
			sourceTree = "<group>";
		};
		FF5615C2297AE927002115EC /* Core */ = {
			isa = PBXGroup;
			children = (
				FF5615C8297AEB78002115EC /* Components */,
				FF5615C3297AE92F002115EC /* Home */,
			);
			path = Core;
			sourceTree = "<group>";
		};
		FF5615C3297AE92F002115EC /* Home */ = {
			isa = PBXGroup;
			children = (
				FF272BC8297AEC6400D2F439 /* Views */,
				FF272BC7297AEC5500D2F439 /* ViewModels */,
			);
			path = Home;
			sourceTree = "<group>";
		};
		FF5615C8297AEB78002115EC /* Components */ = {
			isa = PBXGroup;
			children = (
				FF272BCB297AED2800D2F439 /* CircleButton */,
			);
			path = Components;
			sourceTree = "<group>";
		};
		FFE37C02297F0FBB00A08398 /* Models */ = {
			isa = PBXGroup;
			children = (
				FFE37C03297F0FFA00A08398 /* CoinModel.swift */,
			);
			path = Models;
			sourceTree = "<group>";
		};
/* End PBXGroup section */

/* Begin PBXNativeTarget section */
		FF5615AD297AD596002115EC /* AmarCoin */ = {
			isa = PBXNativeTarget;
			buildConfigurationList = FF5615BC297AD598002115EC /* Build configuration list for PBXNativeTarget "AmarCoin" */;
			buildPhases = (
				FF5615AA297AD596002115EC /* Sources */,
				FF5615AB297AD596002115EC /* Frameworks */,
				FF5615AC297AD596002115EC /* Resources */,
			);
			buildRules = (
			);
			dependencies = (
			);
			name = AmarCoin;
			productName = AmarCoin;
			productReference = FF5615AE297AD596002115EC /* AmarCoin.app */;
			productType = "com.apple.product-type.application";
		};
/* End PBXNativeTarget section */

/* Begin PBXProject section */
		FF5615A6297AD596002115EC /* Project object */ = {
			isa = PBXProject;
			attributes = {
				BuildIndependentTargetsInParallel = 1;
				LastSwiftUpdateCheck = 1420;
				LastUpgradeCheck = 1420;
				TargetAttributes = {
					FF5615AD297AD596002115EC = {
						CreatedOnToolsVersion = 14.2;
					};
				};
			};
			buildConfigurationList = FF5615A9297AD596002115EC /* Build configuration list for PBXProject "AmarCoin" */;
			compatibilityVersion = "Xcode 14.0";
			developmentRegion = en;
			hasScannedForEncodings = 0;
			knownRegions = (
				en,
				Base,
			);
			mainGroup = FF5615A5297AD596002115EC;
			productRefGroup = FF5615AF297AD596002115EC /* Products */;
			projectDirPath = "";
			projectRoot = "";
			targets = (
				FF5615AD297AD596002115EC /* AmarCoin */,
			);
		};
/* End PBXProject section */

/* Begin PBXResourcesBuildPhase section */
		FF5615AC297AD596002115EC /* Resources */ = {
			isa = PBXResourcesBuildPhase;
			buildActionMask = 2147483647;
			files = (
				FF5615B9297AD598002115EC /* Preview Assets.xcassets in Resources */,
				FF5615B6297AD598002115EC /* Assets.xcassets in Resources */,
			);
			runOnlyForDeploymentPostprocessing = 0;
		};
/* End PBXResourcesBuildPhase section */

/* Begin PBXSourcesBuildPhase section */
		FF5615AA297AD596002115EC /* Sources */ = {
			isa = PBXSourcesBuildPhase;
			buildActionMask = 2147483647;
			files = (
				FFE37C06297F29E000A08398 /* CoinRowView.swift in Sources */,
				FFE37C0C297FEC4F00A08398 /* HomeViewModel.swift in Sources */,
				FF5615B4297AD596002115EC /* ContentView.swift in Sources */,
				FF272BCA297AECF400D2F439 /* HomeView.swift in Sources */,
				FF5615B2297AD596002115EC /* AmarCoinApp.swift in Sources */,
				FF272BCD297AED4E00D2F439 /* CircleButtonView.swift in Sources */,
				FF5615C1297AE0FC002115EC /* Color.swift in Sources */,
				FF272BCF297AFC4200D2F439 /* CircleButtonAnimationView.swift in Sources */,
				FFE37C08297F2B4E00A08398 /* PreviewProvider.swift in Sources */,
				FFE37C0A297F3B2B00A08398 /* Double.swift in Sources */,
				FFE37C04297F0FFA00A08398 /* CoinModel.swift in Sources */,
			);
			runOnlyForDeploymentPostprocessing = 0;
		};
/* End PBXSourcesBuildPhase section */

/* Begin XCBuildConfiguration section */
		FF5615BA297AD598002115EC /* Debug */ = {
			isa = XCBuildConfiguration;
			buildSettings = {
				ALWAYS_SEARCH_USER_PATHS = NO;
				CLANG_ANALYZER_NONNULL = YES;
				CLANG_ANALYZER_NUMBER_OBJECT_CONVERSION = YES_AGGRESSIVE;
				CLANG_CXX_LANGUAGE_STANDARD = "gnu++20";
				CLANG_ENABLE_MODULES = YES;
				CLANG_ENABLE_OBJC_ARC = YES;
				CLANG_ENABLE_OBJC_WEAK = YES;
				CLANG_WARN_BLOCK_CAPTURE_AUTORELEASING = YES;
				CLANG_WARN_BOOL_CONVERSION = YES;
				CLANG_WARN_COMMA = YES;
				CLANG_WARN_CONSTANT_CONVERSION = YES;
				CLANG_WARN_DEPRECATED_OBJC_IMPLEMENTATIONS = YES;
				CLANG_WARN_DIRECT_OBJC_ISA_USAGE = YES_ERROR;
				CLANG_WARN_DOCUMENTATION_COMMENTS = YES;
				CLANG_WARN_EMPTY_BODY = YES;
				CLANG_WARN_ENUM_CONVERSION = YES;
				CLANG_WARN_INFINITE_RECURSION = YES;
				CLANG_WARN_INT_CONVERSION = YES;
				CLANG_WARN_NON_LITERAL_NULL_CONVERSION = YES;
				CLANG_WARN_OBJC_IMPLICIT_RETAIN_SELF = YES;
				CLANG_WARN_OBJC_LITERAL_CONVERSION = YES;
				CLANG_WARN_OBJC_ROOT_CLASS = YES_ERROR;
				CLANG_WARN_QUOTED_INCLUDE_IN_FRAMEWORK_HEADER = YES;
				CLANG_WARN_RANGE_LOOP_ANALYSIS = YES;
				CLANG_WARN_STRICT_PROTOTYPES = YES;
				CLANG_WARN_SUSPICIOUS_MOVE = YES;
				CLANG_WARN_UNGUARDED_AVAILABILITY = YES_AGGRESSIVE;
				CLANG_WARN_UNREACHABLE_CODE = YES;
				CLANG_WARN__DUPLICATE_METHOD_MATCH = YES;
				COPY_PHASE_STRIP = NO;
				DEBUG_INFORMATION_FORMAT = dwarf;
				ENABLE_STRICT_OBJC_MSGSEND = YES;
				ENABLE_TESTABILITY = YES;
				GCC_C_LANGUAGE_STANDARD = gnu11;
				GCC_DYNAMIC_NO_PIC = NO;
				GCC_NO_COMMON_BLOCKS = YES;
				GCC_OPTIMIZATION_LEVEL = 0;
				GCC_PREPROCESSOR_DEFINITIONS = (
					"DEBUG=1",
					"$(inherited)",
				);
				GCC_WARN_64_TO_32_BIT_CONVERSION = YES;
				GCC_WARN_ABOUT_RETURN_TYPE = YES_ERROR;
				GCC_WARN_UNDECLARED_SELECTOR = YES;
				GCC_WARN_UNINITIALIZED_AUTOS = YES_AGGRESSIVE;
				GCC_WARN_UNUSED_FUNCTION = YES;
				GCC_WARN_UNUSED_VARIABLE = YES;
				IPHONEOS_DEPLOYMENT_TARGET = 16.2;
				MTL_ENABLE_DEBUG_INFO = INCLUDE_SOURCE;
				MTL_FAST_MATH = YES;
				ONLY_ACTIVE_ARCH = YES;
				SDKROOT = iphoneos;
				SWIFT_ACTIVE_COMPILATION_CONDITIONS = DEBUG;
				SWIFT_OPTIMIZATION_LEVEL = "-Onone";
			};
			name = Debug;
		};
		FF5615BB297AD598002115EC /* Release */ = {
			isa = XCBuildConfiguration;
			buildSettings = {
				ALWAYS_SEARCH_USER_PATHS = NO;
				CLANG_ANALYZER_NONNULL = YES;
				CLANG_ANALYZER_NUMBER_OBJECT_CONVERSION = YES_AGGRESSIVE;
				CLANG_CXX_LANGUAGE_STANDARD = "gnu++20";
				CLANG_ENABLE_MODULES = YES;
				CLANG_ENABLE_OBJC_ARC = YES;
				CLANG_ENABLE_OBJC_WEAK = YES;
				CLANG_WARN_BLOCK_CAPTURE_AUTORELEASING = YES;
				CLANG_WARN_BOOL_CONVERSION = YES;
				CLANG_WARN_COMMA = YES;
				CLANG_WARN_CONSTANT_CONVERSION = YES;
				CLANG_WARN_DEPRECATED_OBJC_IMPLEMENTATIONS = YES;
				CLANG_WARN_DIRECT_OBJC_ISA_USAGE = YES_ERROR;
				CLANG_WARN_DOCUMENTATION_COMMENTS = YES;
				CLANG_WARN_EMPTY_BODY = YES;
				CLANG_WARN_ENUM_CONVERSION = YES;
				CLANG_WARN_INFINITE_RECURSION = YES;
				CLANG_WARN_INT_CONVERSION = YES;
				CLANG_WARN_NON_LITERAL_NULL_CONVERSION = YES;
				CLANG_WARN_OBJC_IMPLICIT_RETAIN_SELF = YES;
				CLANG_WARN_OBJC_LITERAL_CONVERSION = YES;
				CLANG_WARN_OBJC_ROOT_CLASS = YES_ERROR;
				CLANG_WARN_QUOTED_INCLUDE_IN_FRAMEWORK_HEADER = YES;
				CLANG_WARN_RANGE_LOOP_ANALYSIS = YES;
				CLANG_WARN_STRICT_PROTOTYPES = YES;
				CLANG_WARN_SUSPICIOUS_MOVE = YES;
				CLANG_WARN_UNGUARDED_AVAILABILITY = YES_AGGRESSIVE;
				CLANG_WARN_UNREACHABLE_CODE = YES;
				CLANG_WARN__DUPLICATE_METHOD_MATCH = YES;
				COPY_PHASE_STRIP = NO;
				DEBUG_INFORMATION_FORMAT = "dwarf-with-dsym";
				ENABLE_NS_ASSERTIONS = NO;
				ENABLE_STRICT_OBJC_MSGSEND = YES;
				GCC_C_LANGUAGE_STANDARD = gnu11;
				GCC_NO_COMMON_BLOCKS = YES;
				GCC_WARN_64_TO_32_BIT_CONVERSION = YES;
				GCC_WARN_ABOUT_RETURN_TYPE = YES_ERROR;
				GCC_WARN_UNDECLARED_SELECTOR = YES;
				GCC_WARN_UNINITIALIZED_AUTOS = YES_AGGRESSIVE;
				GCC_WARN_UNUSED_FUNCTION = YES;
				GCC_WARN_UNUSED_VARIABLE = YES;
				IPHONEOS_DEPLOYMENT_TARGET = 16.2;
				MTL_ENABLE_DEBUG_INFO = NO;
				MTL_FAST_MATH = YES;
				SDKROOT = iphoneos;
				SWIFT_COMPILATION_MODE = wholemodule;
				SWIFT_OPTIMIZATION_LEVEL = "-O";
				VALIDATE_PRODUCT = YES;
			};
			name = Release;
		};
		FF5615BD297AD598002115EC /* Debug */ = {
			isa = XCBuildConfiguration;
			buildSettings = {
				ASSETCATALOG_COMPILER_APPICON_NAME = AppIcon;
				ASSETCATALOG_COMPILER_GLOBAL_ACCENT_COLOR_NAME = AccentColor;
				CODE_SIGN_STYLE = Automatic;
				CURRENT_PROJECT_VERSION = 1;
				DEVELOPMENT_ASSET_PATHS = "\"AmarCoin/Preview Content\"";
				DEVELOPMENT_TEAM = HFX859F777;
				ENABLE_PREVIEWS = YES;
				GENERATE_INFOPLIST_FILE = YES;
				INFOPLIST_KEY_CFBundleDisplayName = "Amar Coin";
				INFOPLIST_KEY_UIApplicationSceneManifest_Generation = YES;
				INFOPLIST_KEY_UIApplicationSupportsIndirectInputEvents = YES;
				INFOPLIST_KEY_UILaunchScreen_Generation = YES;
				INFOPLIST_KEY_UISupportedInterfaceOrientations = UIInterfaceOrientationPortrait;
				LD_RUNPATH_SEARCH_PATHS = (
					"$(inherited)",
					"@executable_path/Frameworks",
				);
				MARKETING_VERSION = 1.0;
				PRODUCT_BUNDLE_IDENTIFIER = me.shanta.sajid.AmarCoin;
				PRODUCT_NAME = "$(TARGET_NAME)";
				SWIFT_EMIT_LOC_STRINGS = YES;
				SWIFT_VERSION = 5.0;
				TARGETED_DEVICE_FAMILY = "1,2";
			};
			name = Debug;
		};
		FF5615BE297AD598002115EC /* Release */ = {
			isa = XCBuildConfiguration;
			buildSettings = {
				ASSETCATALOG_COMPILER_APPICON_NAME = AppIcon;
				ASSETCATALOG_COMPILER_GLOBAL_ACCENT_COLOR_NAME = AccentColor;
				CODE_SIGN_STYLE = Automatic;
				CURRENT_PROJECT_VERSION = 1;
				DEVELOPMENT_ASSET_PATHS = "\"AmarCoin/Preview Content\"";
				DEVELOPMENT_TEAM = HFX859F777;
				ENABLE_PREVIEWS = YES;
				GENERATE_INFOPLIST_FILE = YES;
				INFOPLIST_KEY_CFBundleDisplayName = "Amar Coin";
				INFOPLIST_KEY_UIApplicationSceneManifest_Generation = YES;
				INFOPLIST_KEY_UIApplicationSupportsIndirectInputEvents = YES;
				INFOPLIST_KEY_UILaunchScreen_Generation = YES;
				INFOPLIST_KEY_UISupportedInterfaceOrientations = UIInterfaceOrientationPortrait;
				LD_RUNPATH_SEARCH_PATHS = (
					"$(inherited)",
					"@executable_path/Frameworks",
				);
				MARKETING_VERSION = 1.0;
				PRODUCT_BUNDLE_IDENTIFIER = me.shanta.sajid.AmarCoin;
				PRODUCT_NAME = "$(TARGET_NAME)";
				SWIFT_EMIT_LOC_STRINGS = YES;
				SWIFT_VERSION = 5.0;
				TARGETED_DEVICE_FAMILY = "1,2";
			};
			name = Release;
		};
/* End XCBuildConfiguration section */

/* Begin XCConfigurationList section */
		FF5615A9297AD596002115EC /* Build configuration list for PBXProject "AmarCoin" */ = {
			isa = XCConfigurationList;
			buildConfigurations = (
				FF5615BA297AD598002115EC /* Debug */,
				FF5615BB297AD598002115EC /* Release */,
			);
			defaultConfigurationIsVisible = 0;
			defaultConfigurationName = Release;
		};
		FF5615BC297AD598002115EC /* Build configuration list for PBXNativeTarget "AmarCoin" */ = {
			isa = XCConfigurationList;
			buildConfigurations = (
				FF5615BD297AD598002115EC /* Debug */,
				FF5615BE297AD598002115EC /* Release */,
			);
			defaultConfigurationIsVisible = 0;
			defaultConfigurationName = Release;
		};
/* End XCConfigurationList section */
	};
	rootObject = FF5615A6297AD596002115EC /* Project object */;
}
